{
  "name": "pancake-live-sales-monitor",
  "version": "1.7.8",
  "lockfileVersion": 3,
  "requires": true,
  "packages": {
    "": {
      "name": "pancake-live-sales-monitor",
      "version": "1.7.8",
      "dependencies": {
        "@vercel/blob": "2.6.1"
      },
      "engines": {
        "node": ">=20"
      }
    }
  }
}
